PODS:
  - AFNetworking (1.3.3)
  - ALActionBlocks (1.0.3)
  - CTAssetsPickerController (2.9.2)
  - FMDB (2.5):
    - FMDB/standard (= 2.5)
  - FMDB/common (2.5)
  - FMDB/standard (2.5):
    - FMDB/common
  - FrameAccessor (2.0)
  - HMSegmentedControl (1.5.2)
  - JDStatusBarNotification (1.5.2)
  - JSPatch (0.0.3)
  - JSQSystemSoundPlayer (1.5.2)
  - leveldb-library (1.18.1)
  - Mantle (1.5.4):
    - Mantle/extobjc (= 1.5.4)
  - Mantle/extobjc (1.5.4)
  - Masonry (0.6.2)
  - MCSwipeTableViewCell (2.1.3)
  - MTLog (0.6.1)
  - NSString+Emoji (0.2.0)
  - Objective-LevelDB (2.1.4):
    - leveldb-library (~> 1.18)
  - Qiniu (7.0.6):
    - AFNetworking (~> 1.0)
  - REFormattedNumberField (1.1.5)
  - RegexKitLite (4.0)
  - RETableViewManager (1.6):
    - REFormattedNumberField (~> 1.1.5)
    - REValidation (~> 0.1.4)
  - REValidation (0.1.4)
  - Reveal-iOS-SDK (1.5.1)
  - SDURLCache (1.2.1)
  - SDWebImage (3.7.3):
    - SDWebImage/Core (= 3.7.3)
  - SDWebImage-ProgressView (0.4.0):
    - SDWebImage (~> 3.7.0)
  - SDWebImage/Core (3.7.3)
  - SKBounceAnimation (1.0.04)
  - SSKeychain (1.2.3)
  - SVProgressHUD (HEAD based on 1.1.3)
  - ZAActivityBar (0.1.1):
    - SKBounceAnimation (~> 1.0)

DEPENDENCIES:
  - AFNetworking (= 1.3.3)
  - ALActionBlocks
  - CTAssetsPickerController (from `https://github.com/wujichao/CTAssetsPickerController.git`)
  - FMDB
  - FrameAccessor
  - HMSegmentedControl
  - JDStatusBarNotification
  - JSPatch
  - JSQSystemSoundPlayer (~> 1.5)
  - Mantle (= 1.5.4)
  - Masonry
  - MCSwipeTableViewCell
  - MTLog
  - NSString+Emoji
  - Objective-LevelDB
  - Qiniu (from `https://github.com/qiniu/objc-sdk.git`, branch `AFNetworking-1.x`)
  - RegexKitLite
  - RETableViewManager (= 1.6.0)
  - Reveal-iOS-SDK
  - SDURLCache (from `https://github.com/wujichao/SDURLCache.git`)
  - SDWebImage
  - SDWebImage-ProgressView
  - SSKeychain
  - SVProgressHUD (HEAD)
  - ZAActivityBar

EXTERNAL SOURCES:
  CTAssetsPickerController:
    :git: https://github.com/wujichao/CTAssetsPickerController.git
  Qiniu:
    :branch: AFNetworking-1.x
    :git: https://github.com/qiniu/objc-sdk.git
  SDURLCache:
    :git: https://github.com/wujichao/SDURLCache.git

CHECKOUT OPTIONS:
  CTAssetsPickerController:
    :commit: 9bfd227d1b81659f286cd9fbc51c5f6e53f1e369
    :git: https://github.com/wujichao/CTAssetsPickerController.git
  Qiniu:
    :commit: 825e72341951cc9efc931f2e97585d641661207d
    :git: https://github.com/qiniu/objc-sdk.git
  SDURLCache:
    :commit: 5772184252d99bff9bc4d2c25525af96d6e3f9b1
    :git: https://github.com/wujichao/SDURLCache.git

SPEC CHECKSUMS:
  AFNetworking: 127629aef6e631d57291c25154defc678c8a7337
  ALActionBlocks: ac91b1a37b60a8004fb687ddade0600446f3d3fa
  CTAssetsPickerController: 7d7804624eaab05c124720899f1e673bc2f7507a
  FMDB: 96e8f1bcc1329e269330f99770ad4285d9003e52
  FrameAccessor: 443a13e58e23a10ff22180da0897b28c3f6abf66
  HMSegmentedControl: 83b9686022d2176fb6457d2bdb61e5d6393fed7d
  JDStatusBarNotification: a36d09ccbb047217572b074a61e7ca10dddc5f0a
  JSPatch: 494b4bc34254e219317ddb0200c0df6a55b9792d
  JSQSystemSoundPlayer: 443466bd5f4537d0b7f15a0184244169ae65f8e5
  leveldb-library: 4b0b6d3bdf102d072d6cf6e046615a6f88ea4bf1
  Mantle: 60acd0cd363e27d945bda0a6b8e90577112d28f3
  Masonry: 362e8a1cc0beada4a4c4832d5e863da2a51533be
  MCSwipeTableViewCell: 28a50729ba9a1359d70f57737a7e5022b3137297
  MTLog: a1cb28f66e65172849918a356883558ff176d19c
  NSString+Emoji: 127da93993ac7c01eadb2edbb039cda89a1369f4
  Objective-LevelDB: 016f27f24c9976527938a40f043b585e82c27cfc
  Qiniu: 7affd88b4054a81e1d58716281a1a0afaf6ce84f
  REFormattedNumberField: be3d55dd709f65541fb26b7e1709da07903147f8
  RegexKitLite: c0e4c12e6e7de0769f3a3ed679f0f61604170661
  RETableViewManager: 9667ecb29c005c32df40a1dd1828224840a351a2
  REValidation: 38c4de1be58455f8b00aab208ac80db316a66b7f
  Reveal-iOS-SDK: c9c55cad2729c85f6ced415f1b21857c9a2d8ef9
  SDURLCache: 7f432f0acfd5e70ba38804896775d73b0dbbde1a
  SDWebImage: 1d2b1a1efda1ade1b00b6f8498865f8ddedc8a84
  SDWebImage-ProgressView: cdc29091ec0d53fd6dab3df65039a4f308e0a5ae
  SKBounceAnimation: c1be441b78e1a38c44609d6e38ae20ad79ecc180
  SSKeychain: 3f42991739c6c60a9cf1bbd4dff6c0d3694bcf3d
  SVProgressHUD: 748080e4f36e603f6c02aec292664239df5279c1
  ZAActivityBar: 82dea103fadb187ab6f07cf0a9ccdffe1ffb55a2

COCOAPODS: 0.37.1
